// !$*UTF8*$!
{
	archiveVersion = 1;
	classes = {
	};
	objectVersion = 46;
	objects = {

/* Begin PBXBuildFile section */
		D20C0B1B1C2A315C00F6C5D1 /* deadly 100 button@2x.png in Resources */ = {isa = PBXBuildFile; fileRef = D20C0B1A1C2A315C00F6C5D1 /* deadly 100 button@2x.png */; };
		D20C0B1D1C2A385400F6C5D1 /* deadly 100 banner@2x.png in Resources */ = {isa = PBXBuildFile; fileRef = D20C0B1C1C2A385400F6C5D1 /* deadly 100 banner@2x.png */; };
		D20C90EF1DA615740015E9E0 /* CoreFoundation.framework in Frameworks */ = {isa = PBXBuildFile; fileRef = D20C90EE1DA615740015E9E0 /* CoreFoundation.framework */; };
		D20D47BD1D68EBD300C58830 /* vortex spin banner.png in Resources */ = {isa = PBXBuildFile; fileRef = D20D47B91D68EBD300C58830 /* vortex spin banner.png */; };
		D20D47BE1D68EBD300C58830 /* vortex spin banner@2x.png in Resources */ = {isa = PBXBuildFile; fileRef = D20D47BA1D68EBD300C58830 /* vortex spin banner@2x.png */; };
		D20D47BF1D68EBD300C58830 /* vortex words banner.png in Resources */ = {isa = PBXBuildFile; fileRef = D20D47BB1D68EBD300C58830 /* vortex words banner.png */; };
		D20D47C01D68EBD300C58830 /* vortex words banner@2x.png in Resources */ = {isa = PBXBuildFile; fileRef = D20D47BC1D68EBD300C58830 /* vortex words banner@2x.png */; };
		D20D47C31D6955C900C58830 /* VortexBannerAnimationView.m in Sources */ = {isa = PBXBuildFile; fileRef = D20D47C21D6955C900C58830 /* VortexBannerAnimationView.m */; };
		D20D47C81D6A17BA00C58830 /* VortexPageAnimationView.m in Sources */ = {isa = PBXBuildFile; fileRef = D20D47C71D6A17BA00C58830 /* VortexPageAnimationView.m */; };
		D20D47CB1D6A17D700C58830 /* vortex spin page.png in Resources */ = {isa = PBXBuildFile; fileRef = D20D47C91D6A17D700C58830 /* vortex spin page.png */; };
		D20D47CC1D6A17D700C58830 /* vortex spin page@2x.png in Resources */ = {isa = PBXBuildFile; fileRef = D20D47CA1D6A17D700C58830 /* vortex spin page@2x.png */; };
		D20D47D01D6A1EA200C58830 /* MethodsCache.m in Sources */ = {isa = PBXBuildFile; fileRef = D20D47CF1D6A1EA200C58830 /* MethodsCache.m */; };
		D215BEE21C5AD23A000DE3DA /* paper B lite@2x.png in Resources */ = {isa = PBXBuildFile; fileRef = D215BEDF1C5AD23A000DE3DA /* paper B lite@2x.png */; };
		D215BEE31C5AD23A000DE3DA /* paper A lite@2x.png in Resources */ = {isa = PBXBuildFile; fileRef = D215BEE01C5AD23A000DE3DA /* paper A lite@2x.png */; };
		D215BEE41C5AD23A000DE3DA /* paper C lite@2x.png in Resources */ = {isa = PBXBuildFile; fileRef = D215BEE11C5AD23A000DE3DA /* paper C lite@2x.png */; };
		D22621771C1DF7090065D4F5 /* Deadly100GameViewController.m in Sources */ = {isa = PBXBuildFile; fileRef = D22621761C1DF7090065D4F5 /* Deadly100GameViewController.m */; };
		D22CC23B1C6DBD6E004544CE /* big rocket@2x.png in Resources */ = {isa = PBXBuildFile; fileRef = D22CC23A1C6DBD6E004544CE /* big rocket@2x.png */; };
		D2568DE21C28DF9800DA237F /* quiz smasher button@2x.png in Resources */ = {isa = PBXBuildFile; fileRef = D2568DE11C28DF9800DA237F /* quiz smasher button@2x.png */; };
		D25B8A4A1BF05F7500D77331 /* AVKit.framework in Frameworks */ = {isa = PBXBuildFile; fileRef = D25B8A491BF05F7500D77331 /* AVKit.framework */; };
		D26175941C33382500E772E3 /* deadly background.png in Resources */ = {isa = PBXBuildFile; fileRef = D26175931C33382500E772E3 /* deadly background.png */; };
		D26175981C33468300E772E3 /* shield small.png in Resources */ = {isa = PBXBuildFile; fileRef = D26175971C33468300E772E3 /* shield small.png */; };
		D261759A1C3355E300E772E3 /* gun shot.mp3 in Resources */ = {isa = PBXBuildFile; fileRef = D26175991C3355E300E772E3 /* gun shot.mp3 */; };
		D26175A61C336A0200E772E3 /* warrior large.png in Resources */ = {isa = PBXBuildFile; fileRef = D26175A51C336A0200E772E3 /* warrior large.png */; };
		D28855191BFBD1F500151BE4 /* vault of episodes@2x.png in Resources */ = {isa = PBXBuildFile; fileRef = D28855181BFBD1F500151BE4 /* vault of episodes@2x.png */; };
		D28855221BFBF65700151BE4 /* EpisodeListViewController.m in Sources */ = {isa = PBXBuildFile; fileRef = D28855211BFBF65700151BE4 /* EpisodeListViewController.m */; };
		D28855271BFCD6E900151BE4 /* EpisodeListTableViewCell.m in Sources */ = {isa = PBXBuildFile; fileRef = D28855261BFCD6E900151BE4 /* EpisodeListTableViewCell.m */; };
		D288552C1BFDA0C600151BE4 /* EpisodePlayerViewController.m in Sources */ = {isa = PBXBuildFile; fileRef = D288552B1BFDA0C600151BE4 /* EpisodePlayerViewController.m */; };
		D2ADEDC81C026B660035CC3C /* AVFoundation.framework in Frameworks */ = {isa = PBXBuildFile; fileRef = D2ADEDC71C026B660035CC3C /* AVFoundation.framework */; };
		D2AF71321C50C58A001E3AB1 /* heroic hosts button@2x.png in Resources */ = {isa = PBXBuildFile; fileRef = D2AF71311C50C58A001E3AB1 /* heroic hosts button@2x.png */; };
		D2AF71351C5134CF001E3AB1 /* HeroicHostsViewController.m in Sources */ = {isa = PBXBuildFile; fileRef = D2AF71341C5134CF001E3AB1 /* HeroicHostsViewController.m */; };
		D2AF713A1C514BAE001E3AB1 /* coming soon.png in Resources */ = {isa = PBXBuildFile; fileRef = D2AF71391C514BAE001E3AB1 /* coming soon.png */; };
		D2AF71471C5150C5001E3AB1 /* heroic banner@2x.png in Resources */ = {isa = PBXBuildFile; fileRef = D2AF71461C5150C5001E3AB1 /* heroic banner@2x.png */; };
		D2BAD0851C23DBE700668E13 /* time vortex@2x.png in Resources */ = {isa = PBXBuildFile; fileRef = D2BAD0841C23DBE700668E13 /* time vortex@2x.png */; };
		D2BAD0871C23DFE500668E13 /* quiz smasher banner@2x.png in Resources */ = {isa = PBXBuildFile; fileRef = D2BAD0861C23DFE500668E13 /* quiz smasher banner@2x.png */; };
		D2BF3F641C0952DA00388747 /* QuizViewController.m in Sources */ = {isa = PBXBuildFile; fileRef = D2BF3F631C0952DA00388747 /* QuizViewController.m */; };
		D2BF3F671C097E9400388747 /* TimeVortexViewController.m in Sources */ = {isa = PBXBuildFile; fileRef = D2BF3F661C097E9400388747 /* TimeVortexViewController.m */; };
		D2BF3F6A1C097EA500388747 /* Deadly100ViewController.m in Sources */ = {isa = PBXBuildFile; fileRef = D2BF3F691C097EA500388747 /* Deadly100ViewController.m */; };
		D2BF3FAC1C0D073F00388747 /* TimeVortexGameViewController.m in Sources */ = {isa = PBXBuildFile; fileRef = D2BF3FAB1C0D073F00388747 /* TimeVortexGameViewController.m */; };
		D2D0BADF1C3AEA060022A01B /* stop button@2X.png in Resources */ = {isa = PBXBuildFile; fileRef = D2D0BADD1C3AEA060022A01B /* stop button@2X.png */; };
		D2D0BAE51C3AF4BB0022A01B /* play button@2x.png in Resources */ = {isa = PBXBuildFile; fileRef = D2D0BAE41C3AF4BB0022A01B /* play button@2x.png */; };
		D2D0BAF01C3B35620022A01B /* time back button@2x.png in Resources */ = {isa = PBXBuildFile; fileRef = D2D0BAEE1C3B35620022A01B /* time back button@2x.png */; };
		D2D0BAF11C3B35620022A01B /* time forward button@2x.png in Resources */ = {isa = PBXBuildFile; fileRef = D2D0BAEF1C3B35620022A01B /* time forward button@2x.png */; };
		D2D0BAF61C3B39EE0022A01B /* M22 Logo 2016@2x.png in Resources */ = {isa = PBXBuildFile; fileRef = D2D0BAF51C3B39EE0022A01B /* M22 Logo 2016@2x.png */; };
		D2D0BAF81C3B3CE00022A01B /* vault banner@2x.png in Resources */ = {isa = PBXBuildFile; fileRef = D2D0BAF71C3B3CE00022A01B /* vault banner@2x.png */; };
		D2D0BAFA1C3B44F40022A01B /* pause button@2x.png in Resources */ = {isa = PBXBuildFile; fileRef = D2D0BAF91C3B44F40022A01B /* pause button@2x.png */; };
		D2D0DF1C1C809ED600E0DF6C /* blue rocket@2x.png in Resources */ = {isa = PBXBuildFile; fileRef = D2D0DF1B1C809ED600E0DF6C /* blue rocket@2x.png */; };
		D2EA641C1C40E4A600A27478 /* weapons one@2x.png in Resources */ = {isa = PBXBuildFile; fileRef = D2EA641B1C40E4A600A27478 /* weapons one@2x.png */; };
		D2EA64611C42F9D700A27478 /* battle lost@2x.png in Resources */ = {isa = PBXBuildFile; fileRef = D2EA64601C42F9D700A27478 /* battle lost@2x.png */; };
		D2EA64631C4319AF00A27478 /* sword swipe.mp3 in Resources */ = {isa = PBXBuildFile; fileRef = D2EA64621C4319AF00A27478 /* sword swipe.mp3 */; };
		D2EA64651C4385E200A27478 /* game won@2x.png in Resources */ = {isa = PBXBuildFile; fileRef = D2EA64641C4385E200A27478 /* game won@2x.png */; };
		D2EA64671C438A9800A27478 /* crowd cheering.mp3 in Resources */ = {isa = PBXBuildFile; fileRef = D2EA64661C438A9800A27478 /* crowd cheering.mp3 */; };
		D2EA64691C438C4900A27478 /* male pain scream.mp3 in Resources */ = {isa = PBXBuildFile; fileRef = D2EA64681C438C4900A27478 /* male pain scream.mp3 */; };
		D2EA64781C48576600A27478 /* robot banner@2x.png in Resources */ = {isa = PBXBuildFile; fileRef = D2EA64771C48576600A27478 /* robot banner@2x.png */; };
		D2EA647D1C48577100A27478 /* wave 4@2x.png in Resources */ = {isa = PBXBuildFile; fileRef = D2EA64791C48577100A27478 /* wave 4@2x.png */; };
		D2EA647E1C48577100A27478 /* wave 3@2x.png in Resources */ = {isa = PBXBuildFile; fileRef = D2EA647A1C48577100A27478 /* wave 3@2x.png */; };
		D2EA647F1C48577100A27478 /* wave 2@2x.png in Resources */ = {isa = PBXBuildFile; fileRef = D2EA647B1C48577100A27478 /* wave 2@2x.png */; };
		D2EA64801C48577100A27478 /* wave 1@2x.png in Resources */ = {isa = PBXBuildFile; fileRef = D2EA647C1C48577100A27478 /* wave 1@2x.png */; };
		D2EA64851C48578000A27478 /* wave 8@2x.png in Resources */ = {isa = PBXBuildFile; fileRef = D2EA64811C48578000A27478 /* wave 8@2x.png */; };
		D2EA64861C48578000A27478 /* wave 7@2x.png in Resources */ = {isa = PBXBuildFile; fileRef = D2EA64821C48578000A27478 /* wave 7@2x.png */; };
		D2EA64871C48578000A27478 /* wave 6@2x.png in Resources */ = {isa = PBXBuildFile; fileRef = D2EA64831C48578000A27478 /* wave 6@2x.png */; };
		D2EA64881C48578000A27478 /* wave 5@2x.png in Resources */ = {isa = PBXBuildFile; fileRef = D2EA64841C48578000A27478 /* wave 5@2x.png */; };
		D2EA648F1C486B4E00A27478 /* comics button@2x.png in Resources */ = {isa = PBXBuildFile; fileRef = D2EA648E1C486B4E00A27478 /* comics button@2x.png */; };
		D2EA64911C48754400A27478 /* games button@2x.png in Resources */ = {isa = PBXBuildFile; fileRef = D2EA64901C48754400A27478 /* games button@2x.png */; };
		D2EA64931C487BB300A27478 /* movies button@2x.png in Resources */ = {isa = PBXBuildFile; fileRef = D2EA64921C487BB300A27478 /* movies button@2x.png */; };
		D2EA64951C4883D200A27478 /* tv button@2x.png in Resources */ = {isa = PBXBuildFile; fileRef = D2EA64941C4883D200A27478 /* tv button@2x.png */; };
		D2EA64D41C4C90AD00A27478 /* science nerd@2x.png in Resources */ = {isa = PBXBuildFile; fileRef = D2EA64D31C4C90AD00A27478 /* science nerd@2x.png */; };
		D2EA65371C4D65CE00A27478 /* vortex background@2x.png in Resources */ = {isa = PBXBuildFile; fileRef = D2EA65361C4D65CE00A27478 /* vortex background@2x.png */; };
		D2EA65391C4D6E3400A27478 /* vortex gray background@2x.png in Resources */ = {isa = PBXBuildFile; fileRef = D2EA65381C4D6E3400A27478 /* vortex gray background@2x.png */; };
		D2EA653B1C4EC3AB00A27478 /* deadly start@2x.png in Resources */ = {isa = PBXBuildFile; fileRef = D2EA653A1C4EC3AB00A27478 /* deadly start@2x.png */; };
		D2EA65801C5039AD00A27478 /* DeadlyQuestions.m in Sources */ = {isa = PBXBuildFile; fileRef = D2EA657F1C5039AD00A27478 /* DeadlyQuestions.m */; };
		D2EA65831C50445600A27478 /* VortexComicQuestions.m in Sources */ = {isa = PBXBuildFile; fileRef = D2EA65821C50445600A27478 /* VortexComicQuestions.m */; };
		D2EA65861C5044CC00A27478 /* VortexMovieQuestions.m in Sources */ = {isa = PBXBuildFile; fileRef = D2EA65851C5044CC00A27478 /* VortexMovieQuestions.m */; };
		D2EA65891C50450900A27478 /* VortexTvQuestions.m in Sources */ = {isa = PBXBuildFile; fileRef = D2EA65881C50450900A27478 /* VortexTvQuestions.m */; };
		D2EA658C1C50453200A27478 /* VortexGameQuestions.m in Sources */ = {isa = PBXBuildFile; fileRef = D2EA658B1C50453200A27478 /* VortexGameQuestions.m */; };
		D2FEEA951BD2BF4C00FADE89 /* main.m in Sources */ = {isa = PBXBuildFile; fileRef = D2FEEA941BD2BF4C00FADE89 /* main.m */; };
		D2FEEA981BD2BF4C00FADE89 /* AppDelegate.m in Sources */ = {isa = PBXBuildFile; fileRef = D2FEEA971BD2BF4C00FADE89 /* AppDelegate.m */; };
		D2FEEA9B1BD2BF4C00FADE89 /* ViewController.m in Sources */ = {isa = PBXBuildFile; fileRef = D2FEEA9A1BD2BF4C00FADE89 /* ViewController.m */; };
		D2FEEA9E1BD2BF4C00FADE89 /* Main.storyboard in Resources */ = {isa = PBXBuildFile; fileRef = D2FEEA9C1BD2BF4C00FADE89 /* Main.storyboard */; };
		D2FEEAA11BD2BF4C00FADE89 /* Meanwhile22.xcdatamodeld in Sources */ = {isa = PBXBuildFile; fileRef = D2FEEA9F1BD2BF4C00FADE89 /* Meanwhile22.xcdatamodeld */; };
		D2FEEAA31BD2BF4C00FADE89 /* Assets.xcassets in Resources */ = {isa = PBXBuildFile; fileRef = D2FEEAA21BD2BF4C00FADE89 /* Assets.xcassets */; };
		D2FEEAA61BD2BF4C00FADE89 /* LaunchScreen.storyboard in Resources */ = {isa = PBXBuildFile; fileRef = D2FEEAA41BD2BF4C00FADE89 /* LaunchScreen.storyboard */; };
		D2FEEAB11BD2BF4C00FADE89 /* Meanwhile22Tests.m in Sources */ = {isa = PBXBuildFile; fileRef = D2FEEAB01BD2BF4C00FADE89 /* Meanwhile22Tests.m */; };
		D2FEEABC1BD2BF4C00FADE89 /* Meanwhile22UITests.m in Sources */ = {isa = PBXBuildFile; fileRef = D2FEEABB1BD2BF4C00FADE89 /* Meanwhile22UITests.m */; };
		D2FEEACB1BD2BF6500FADE89 /* Podcast.m in Sources */ = {isa = PBXBuildFile; fileRef = D2FEEACA1BD2BF6500FADE89 /* Podcast.m */; };
		D2FEEACE1BD2C3AD00FADE89 /* PodcastParser.m in Sources */ = {isa = PBXBuildFile; fileRef = D2FEEACD1BD2C3AD00FADE89 /* PodcastParser.m */; };
		D2FEEAD41BD361C200FADE89 /* twitter logo@2x.png in Resources */ = {isa = PBXBuildFile; fileRef = D2FEEAD21BD361C200FADE89 /* twitter logo@2x.png */; };
		D2FEEAD51BD361C200FADE89 /* facebook logo@2x.png in Resources */ = {isa = PBXBuildFile; fileRef = D2FEEAD31BD361C200FADE89 /* facebook logo@2x.png */; };
/* End PBXBuildFile section */

/* Begin PBXContainerItemProxy section */
		D2FEEAAD1BD2BF4C00FADE89 /* PBXContainerItemProxy */ = {
			isa = PBXContainerItemProxy;
			containerPortal = D2FEEA881BD2BF4C00FADE89 /* Project object */;
			proxyType = 1;
			remoteGlobalIDString = D2FEEA8F1BD2BF4C00FADE89;
			remoteInfo = Meanwhile22;
		};
		D2FEEAB81BD2BF4C00FADE89 /* PBXContainerItemProxy */ = {
			isa = PBXContainerItemProxy;
			containerPortal = D2FEEA881BD2BF4C00FADE89 /* Project object */;
			proxyType = 1;
			remoteGlobalIDString = D2FEEA8F1BD2BF4C00FADE89;
			remoteInfo = Meanwhile22;
		};
/* End PBXContainerItemProxy section */

/* Begin PBXFileReference section */
		D20C0B1A1C2A315C00F6C5D1 /* deadly 100 button@2x.png */ = {isa = PBXFileReference; lastKnownFileType = image.png; path = "deadly 100 button@2x.png"; sourceTree = "<group>"; };
		D20C0B1C1C2A385400F6C5D1 /* deadly 100 banner@2x.png */ = {isa = PBXFileReference; lastKnownFileType = image.png; path = "deadly 100 banner@2x.png"; sourceTree = "<group>"; };
		D20C90EE1DA615740015E9E0 /* CoreFoundation.framework */ = {isa = PBXFileReference; lastKnownFileType = wrapper.framework; name = CoreFoundation.framework; path = System/Library/Frameworks/CoreFoundation.framework; sourceTree = SDKROOT; };
		D20D47B91D68EBD300C58830 /* vortex spin banner.png */ = {isa = PBXFileReference; lastKnownFileType = image.png; path = "vortex spin banner.png"; sourceTree = "<group>"; };
		D20D47BA1D68EBD300C58830 /* vortex spin banner@2x.png */ = {isa = PBXFileReference; lastKnownFileType = image.png; path = "vortex spin banner@2x.png"; sourceTree = "<group>"; };
		D20D47BB1D68EBD300C58830 /* vortex words banner.png */ = {isa = PBXFileReference; lastKnownFileType = image.png; path = "vortex words banner.png"; sourceTree = "<group>"; };
		D20D47BC1D68EBD300C58830 /* vortex words banner@2x.png */ = {isa = PBXFileReference; lastKnownFileType = image.png; path = "vortex words banner@2x.png"; sourceTree = "<group>"; };
		D20D47C11D6955C900C58830 /* VortexBannerAnimationView.h */ = {isa = PBXFileReference; fileEncoding = 4; lastKnownFileType = sourcecode.c.h; path = VortexBannerAnimationView.h; sourceTree = "<group>"; };
		D20D47C21D6955C900C58830 /* VortexBannerAnimationView.m */ = {isa = PBXFileReference; fileEncoding = 4; lastKnownFileType = sourcecode.c.objc; path = VortexBannerAnimationView.m; sourceTree = "<group>"; };
		D20D47C61D6A17BA00C58830 /* VortexPageAnimationView.h */ = {isa = PBXFileReference; fileEncoding = 4; lastKnownFileType = sourcecode.c.h; path = VortexPageAnimationView.h; sourceTree = "<group>"; };
		D20D47C71D6A17BA00C58830 /* VortexPageAnimationView.m */ = {isa = PBXFileReference; fileEncoding = 4; lastKnownFileType = sourcecode.c.objc; path = VortexPageAnimationView.m; sourceTree = "<group>"; };
		D20D47C91D6A17D700C58830 /* vortex spin page.png */ = {isa = PBXFileReference; lastKnownFileType = image.png; path = "vortex spin page.png"; sourceTree = "<group>"; };
		D20D47CA1D6A17D700C58830 /* vortex spin page@2x.png */ = {isa = PBXFileReference; lastKnownFileType = image.png; path = "vortex spin page@2x.png"; sourceTree = "<group>"; };
		D20D47CE1D6A1EA200C58830 /* MethodsCache.h */ = {isa = PBXFileReference; fileEncoding = 4; lastKnownFileType = sourcecode.c.h; path = MethodsCache.h; sourceTree = "<group>"; };
		D20D47CF1D6A1EA200C58830 /* MethodsCache.m */ = {isa = PBXFileReference; fileEncoding = 4; lastKnownFileType = sourcecode.c.objc; path = MethodsCache.m; sourceTree = "<group>"; };
		D215BEDF1C5AD23A000DE3DA /* paper B lite@2x.png */ = {isa = PBXFileReference; lastKnownFileType = image.png; path = "paper B lite@2x.png"; sourceTree = "<group>"; };
		D215BEE01C5AD23A000DE3DA /* paper A lite@2x.png */ = {isa = PBXFileReference; lastKnownFileType = image.png; path = "paper A lite@2x.png"; sourceTree = "<group>"; };
		D215BEE11C5AD23A000DE3DA /* paper C lite@2x.png */ = {isa = PBXFileReference; lastKnownFileType = image.png; path = "paper C lite@2x.png"; sourceTree = "<group>"; };
		D22621751C1DF7090065D4F5 /* Deadly100GameViewController.h */ = {isa = PBXFileReference; fileEncoding = 4; lastKnownFileType = sourcecode.c.h; path = Deadly100GameViewController.h; sourceTree = "<group>"; };
		D22621761C1DF7090065D4F5 /* Deadly100GameViewController.m */ = {isa = PBXFileReference; fileEncoding = 4; lastKnownFileType = sourcecode.c.objc; path = Deadly100GameViewController.m; sourceTree = "<group>"; };
		D22CC23A1C6DBD6E004544CE /* big rocket@2x.png */ = {isa = PBXFileReference; lastKnownFileType = image.png; path = "big rocket@2x.png"; sourceTree = "<group>"; };
		D2568DE11C28DF9800DA237F /* quiz smasher button@2x.png */ = {isa = PBXFileReference; lastKnownFileType = image.png; path = "quiz smasher button@2x.png"; sourceTree = "<group>"; };
		D25B8A491BF05F7500D77331 /* AVKit.framework */ = {isa = PBXFileReference; lastKnownFileType = wrapper.framework; name = AVKit.framework; path = System/Library/Frameworks/AVKit.framework; sourceTree = SDKROOT; };
		D26175931C33382500E772E3 /* deadly background.png */ = {isa = PBXFileReference; lastKnownFileType = image.png; path = "deadly background.png"; sourceTree = "<group>"; };
		D26175971C33468300E772E3 /* shield small.png */ = {isa = PBXFileReference; lastKnownFileType = image.png; path = "shield small.png"; sourceTree = "<group>"; };
		D26175991C3355E300E772E3 /* gun shot.mp3 */ = {isa = PBXFileReference; lastKnownFileType = audio.mp3; path = "gun shot.mp3"; sourceTree = "<group>"; };
		D26175A51C336A0200E772E3 /* warrior large.png */ = {isa = PBXFileReference; lastKnownFileType = image.png; path = "warrior large.png"; sourceTree = "<group>"; };
		D28855181BFBD1F500151BE4 /* vault of episodes@2x.png */ = {isa = PBXFileReference; lastKnownFileType = image.png; path = "vault of episodes@2x.png"; sourceTree = "<group>"; };
		D28855201BFBF65700151BE4 /* EpisodeListViewController.h */ = {isa = PBXFileReference; fileEncoding = 4; lastKnownFileType = sourcecode.c.h; path = EpisodeListViewController.h; sourceTree = "<group>"; };
		D28855211BFBF65700151BE4 /* EpisodeListViewController.m */ = {isa = PBXFileReference; fileEncoding = 4; lastKnownFileType = sourcecode.c.objc; path = EpisodeListViewController.m; sourceTree = "<group>"; };
		D28855251BFCD6E900151BE4 /* EpisodeListTableViewCell.h */ = {isa = PBXFileReference; fileEncoding = 4; lastKnownFileType = sourcecode.c.h; path = EpisodeListTableViewCell.h; sourceTree = "<group>"; };
		D28855261BFCD6E900151BE4 /* EpisodeListTableViewCell.m */ = {isa = PBXFileReference; fileEncoding = 4; lastKnownFileType = sourcecode.c.objc; path = EpisodeListTableViewCell.m; sourceTree = "<group>"; };
		D288552A1BFDA0C600151BE4 /* EpisodePlayerViewController.h */ = {isa = PBXFileReference; fileEncoding = 4; lastKnownFileType = sourcecode.c.h; path = EpisodePlayerViewController.h; sourceTree = "<group>"; };
		D288552B1BFDA0C600151BE4 /* EpisodePlayerViewController.m */ = {isa = PBXFileReference; fileEncoding = 4; lastKnownFileType = sourcecode.c.objc; path = EpisodePlayerViewController.m; sourceTree = "<group>"; };
		D2ADEDC71C026B660035CC3C /* AVFoundation.framework */ = {isa = PBXFileReference; lastKnownFileType = wrapper.framework; name = AVFoundation.framework; path = System/Library/Frameworks/AVFoundation.framework; sourceTree = SDKROOT; };
		D2AF71311C50C58A001E3AB1 /* heroic hosts button@2x.png */ = {isa = PBXFileReference; lastKnownFileType = image.png; path = "heroic hosts button@2x.png"; sourceTree = "<group>"; };
		D2AF71331C5134CF001E3AB1 /* HeroicHostsViewController.h */ = {isa = PBXFileReference; fileEncoding = 4; lastKnownFileType = sourcecode.c.h; path = HeroicHostsViewController.h; sourceTree = "<group>"; };
		D2AF71341C5134CF001E3AB1 /* HeroicHostsViewController.m */ = {isa = PBXFileReference; fileEncoding = 4; lastKnownFileType = sourcecode.c.objc; path = HeroicHostsViewController.m; sourceTree = "<group>"; };
		D2AF71391C514BAE001E3AB1 /* coming soon.png */ = {isa = PBXFileReference; lastKnownFileType = image.png; path = "coming soon.png"; sourceTree = "<group>"; };
		D2AF71461C5150C5001E3AB1 /* heroic banner@2x.png */ = {isa = PBXFileReference; lastKnownFileType = image.png; path = "heroic banner@2x.png"; sourceTree = "<group>"; };
		D2BAD0841C23DBE700668E13 /* time vortex@2x.png */ = {isa = PBXFileReference; lastKnownFileType = image.png; path = "time vortex@2x.png"; sourceTree = "<group>"; };
		D2BAD0861C23DFE500668E13 /* quiz smasher banner@2x.png */ = {isa = PBXFileReference; lastKnownFileType = image.png; path = "quiz smasher banner@2x.png"; sourceTree = "<group>"; };
		D2BF3F621C0952DA00388747 /* QuizViewController.h */ = {isa = PBXFileReference; fileEncoding = 4; lastKnownFileType = sourcecode.c.h; path = QuizViewController.h; sourceTree = "<group>"; };
		D2BF3F631C0952DA00388747 /* QuizViewController.m */ = {isa = PBXFileReference; fileEncoding = 4; lastKnownFileType = sourcecode.c.objc; path = QuizViewController.m; sourceTree = "<group>"; };
		D2BF3F651C097E9400388747 /* TimeVortexViewController.h */ = {isa = PBXFileReference; fileEncoding = 4; lastKnownFileType = sourcecode.c.h; path = TimeVortexViewController.h; sourceTree = "<group>"; };
		D2BF3F661C097E9400388747 /* TimeVortexViewController.m */ = {isa = PBXFileReference; fileEncoding = 4; lastKnownFileType = sourcecode.c.objc; path = TimeVortexViewController.m; sourceTree = "<group>"; };
		D2BF3F681C097EA500388747 /* Deadly100ViewController.h */ = {isa = PBXFileReference; fileEncoding = 4; lastKnownFileType = sourcecode.c.h; path = Deadly100ViewController.h; sourceTree = "<group>"; };
		D2BF3F691C097EA500388747 /* Deadly100ViewController.m */ = {isa = PBXFileReference; fileEncoding = 4; lastKnownFileType = sourcecode.c.objc; path = Deadly100ViewController.m; sourceTree = "<group>"; };
		D2BF3FAA1C0D073F00388747 /* TimeVortexGameViewController.h */ = {isa = PBXFileReference; fileEncoding = 4; lastKnownFileType = sourcecode.c.h; path = TimeVortexGameViewController.h; sourceTree = "<group>"; };
		D2BF3FAB1C0D073F00388747 /* TimeVortexGameViewController.m */ = {isa = PBXFileReference; fileEncoding = 4; lastKnownFileType = sourcecode.c.objc; path = TimeVortexGameViewController.m; sourceTree = "<group>"; };
		D2D0BADD1C3AEA060022A01B /* stop button@2X.png */ = {isa = PBXFileReference; lastKnownFileType = image.png; path = "stop button@2X.png"; sourceTree = "<group>"; };
		D2D0BAE41C3AF4BB0022A01B /* play button@2x.png */ = {isa = PBXFileReference; lastKnownFileType = image.png; path = "play button@2x.png"; sourceTree = "<group>"; };
		D2D0BAEE1C3B35620022A01B /* time back button@2x.png */ = {isa = PBXFileReference; lastKnownFileType = image.png; path = "time back button@2x.png"; sourceTree = "<group>"; };
		D2D0BAEF1C3B35620022A01B /* time forward button@2x.png */ = {isa = PBXFileReference; lastKnownFileType = image.png; path = "time forward button@2x.png"; sourceTree = "<group>"; };
		D2D0BAF51C3B39EE0022A01B /* M22 Logo 2016@2x.png */ = {isa = PBXFileReference; lastKnownFileType = image.png; path = "M22 Logo 2016@2x.png"; sourceTree = "<group>"; };
		D2D0BAF71C3B3CE00022A01B /* vault banner@2x.png */ = {isa = PBXFileReference; lastKnownFileType = image.png; path = "vault banner@2x.png"; sourceTree = "<group>"; };
		D2D0BAF91C3B44F40022A01B /* pause button@2x.png */ = {isa = PBXFileReference; lastKnownFileType = image.png; path = "pause button@2x.png"; sourceTree = "<group>"; };
		D2D0DF1B1C809ED600E0DF6C /* blue rocket@2x.png */ = {isa = PBXFileReference; lastKnownFileType = image.png; path = "blue rocket@2x.png"; sourceTree = "<group>"; };
		D2EA641B1C40E4A600A27478 /* weapons one@2x.png */ = {isa = PBXFileReference; lastKnownFileType = image.png; path = "weapons one@2x.png"; sourceTree = "<group>"; };
		D2EA64601C42F9D700A27478 /* battle lost@2x.png */ = {isa = PBXFileReference; lastKnownFileType = image.png; path = "battle lost@2x.png"; sourceTree = "<group>"; };
		D2EA64621C4319AF00A27478 /* sword swipe.mp3 */ = {isa = PBXFileReference; lastKnownFileType = audio.mp3; path = "sword swipe.mp3"; sourceTree = "<group>"; };
		D2EA64641C4385E200A27478 /* game won@2x.png */ = {isa = PBXFileReference; lastKnownFileType = image.png; path = "game won@2x.png"; sourceTree = "<group>"; };
		D2EA64661C438A9800A27478 /* crowd cheering.mp3 */ = {isa = PBXFileReference; lastKnownFileType = audio.mp3; path = "crowd cheering.mp3"; sourceTree = "<group>"; };
		D2EA64681C438C4900A27478 /* male pain scream.mp3 */ = {isa = PBXFileReference; lastKnownFileType = audio.mp3; path = "male pain scream.mp3"; sourceTree = "<group>"; };
		D2EA64771C48576600A27478 /* robot banner@2x.png */ = {isa = PBXFileReference; lastKnownFileType = image.png; path = "robot banner@2x.png"; sourceTree = "<group>"; };
		D2EA64791C48577100A27478 /* wave 4@2x.png */ = {isa = PBXFileReference; lastKnownFileType = image.png; path = "wave 4@2x.png"; sourceTree = "<group>"; };
		D2EA647A1C48577100A27478 /* wave 3@2x.png */ = {isa = PBXFileReference; lastKnownFileType = image.png; path = "wave 3@2x.png"; sourceTree = "<group>"; };
		D2EA647B1C48577100A27478 /* wave 2@2x.png */ = {isa = PBXFileReference; lastKnownFileType = image.png; path = "wave 2@2x.png"; sourceTree = "<group>"; };
		D2EA647C1C48577100A27478 /* wave 1@2x.png */ = {isa = PBXFileReference; lastKnownFileType = image.png; path = "wave 1@2x.png"; sourceTree = "<group>"; };
		D2EA64811C48578000A27478 /* wave 8@2x.png */ = {isa = PBXFileReference; lastKnownFileType = image.png; path = "wave 8@2x.png"; sourceTree = "<group>"; };
		D2EA64821C48578000A27478 /* wave 7@2x.png */ = {isa = PBXFileReference; lastKnownFileType = image.png; path = "wave 7@2x.png"; sourceTree = "<group>"; };
		D2EA64831C48578000A27478 /* wave 6@2x.png */ = {isa = PBXFileReference; lastKnownFileType = image.png; path = "wave 6@2x.png"; sourceTree = "<group>"; };
		D2EA64841C48578000A27478 /* wave 5@2x.png */ = {isa = PBXFileReference; lastKnownFileType = image.png; path = "wave 5@2x.png"; sourceTree = "<group>"; };
		D2EA648E1C486B4E00A27478 /* comics button@2x.png */ = {isa = PBXFileReference; lastKnownFileType = image.png; path = "comics button@2x.png"; sourceTree = "<group>"; };
		D2EA64901C48754400A27478 /* games button@2x.png */ = {isa = PBXFileReference; lastKnownFileType = image.png; path = "games button@2x.png"; sourceTree = "<group>"; };
		D2EA64921C487BB300A27478 /* movies button@2x.png */ = {isa = PBXFileReference; lastKnownFileType = image.png; path = "movies button@2x.png"; sourceTree = "<group>"; };
		D2EA64941C4883D200A27478 /* tv button@2x.png */ = {isa = PBXFileReference; lastKnownFileType = image.png; path = "tv button@2x.png"; sourceTree = "<group>"; };
		D2EA64D31C4C90AD00A27478 /* science nerd@2x.png */ = {isa = PBXFileReference; lastKnownFileType = image.png; path = "science nerd@2x.png"; sourceTree = "<group>"; };
		D2EA65361C4D65CE00A27478 /* vortex background@2x.png */ = {isa = PBXFileReference; lastKnownFileType = image.png; path = "vortex background@2x.png"; sourceTree = "<group>"; };
		D2EA65381C4D6E3400A27478 /* vortex gray background@2x.png */ = {isa = PBXFileReference; lastKnownFileType = image.png; path = "vortex gray background@2x.png"; sourceTree = "<group>"; };
		D2EA653A1C4EC3AB00A27478 /* deadly start@2x.png */ = {isa = PBXFileReference; lastKnownFileType = image.png; path = "deadly start@2x.png"; sourceTree = "<group>"; };
		D2EA657E1C5039AD00A27478 /* DeadlyQuestions.h */ = {isa = PBXFileReference; fileEncoding = 4; lastKnownFileType = sourcecode.c.h; path = DeadlyQuestions.h; sourceTree = "<group>"; };
		D2EA657F1C5039AD00A27478 /* DeadlyQuestions.m */ = {isa = PBXFileReference; fileEncoding = 4; lastKnownFileType = sourcecode.c.objc; path = DeadlyQuestions.m; sourceTree = "<group>"; };
		D2EA65811C50445600A27478 /* VortexComicQuestions.h */ = {isa = PBXFileReference; fileEncoding = 4; lastKnownFileType = sourcecode.c.h; path = VortexComicQuestions.h; sourceTree = "<group>"; };
		D2EA65821C50445600A27478 /* VortexComicQuestions.m */ = {isa = PBXFileReference; fileEncoding = 4; lastKnownFileType = sourcecode.c.objc; path = VortexComicQuestions.m; sourceTree = "<group>"; };
		D2EA65841C5044CC00A27478 /* VortexMovieQuestions.h */ = {isa = PBXFileReference; fileEncoding = 4; lastKnownFileType = sourcecode.c.h; path = VortexMovieQuestions.h; sourceTree = "<group>"; };
		D2EA65851C5044CC00A27478 /* VortexMovieQuestions.m */ = {isa = PBXFileReference; fileEncoding = 4; lastKnownFileType = sourcecode.c.objc; path = VortexMovieQuestions.m; sourceTree = "<group>"; };
		D2EA65871C50450900A27478 /* VortexTvQuestions.h */ = {isa = PBXFileReference; fileEncoding = 4; lastKnownFileType = sourcecode.c.h; path = VortexTvQuestions.h; sourceTree = "<group>"; };
		D2EA65881C50450900A27478 /* VortexTvQuestions.m */ = {isa = PBXFileReference; fileEncoding = 4; lastKnownFileType = sourcecode.c.objc; path = VortexTvQuestions.m; sourceTree = "<group>"; };
		D2EA658A1C50453200A27478 /* VortexGameQuestions.h */ = {isa = PBXFileReference; fileEncoding = 4; lastKnownFileType = sourcecode.c.h; path = VortexGameQuestions.h; sourceTree = "<group>"; };
		D2EA658B1C50453200A27478 /* VortexGameQuestions.m */ = {isa = PBXFileReference; fileEncoding = 4; lastKnownFileType = sourcecode.c.objc; path = VortexGameQuestions.m; sourceTree = "<group>"; };
		D2FEEA901BD2BF4C00FADE89 /* Meanwhile22.app */ = {isa = PBXFileReference; explicitFileType = wrapper.application; includeInIndex = 0; path = Meanwhile22.app; sourceTree = BUILT_PRODUCTS_DIR; };
		D2FEEA941BD2BF4C00FADE89 /* main.m */ = {isa = PBXFileReference; lastKnownFileType = sourcecode.c.objc; path = main.m; sourceTree = "<group>"; };
		D2FEEA961BD2BF4C00FADE89 /* AppDelegate.h */ = {isa = PBXFileReference; lastKnownFileType = sourcecode.c.h; path = AppDelegate.h; sourceTree = "<group>"; };
		D2FEEA971BD2BF4C00FADE89 /* AppDelegate.m */ = {isa = PBXFileReference; lastKnownFileType = sourcecode.c.objc; path = AppDelegate.m; sourceTree = "<group>"; };
		D2FEEA991BD2BF4C00FADE89 /* ViewController.h */ = {isa = PBXFileReference; lastKnownFileType = sourcecode.c.h; path = ViewController.h; sourceTree = "<group>"; };
		D2FEEA9A1BD2BF4C00FADE89 /* ViewController.m */ = {isa = PBXFileReference; lastKnownFileType = sourcecode.c.objc; path = ViewController.m; sourceTree = "<group>"; };
		D2FEEA9D1BD2BF4C00FADE89 /* Base */ = {isa = PBXFileReference; lastKnownFileType = file.storyboard; name = Base; path = Base.lproj/Main.storyboard; sourceTree = "<group>"; };
		D2FEEAA01BD2BF4C00FADE89 /* Meanwhile22.xcdatamodel */ = {isa = PBXFileReference; lastKnownFileType = wrapper.xcdatamodel; path = Meanwhile22.xcdatamodel; sourceTree = "<group>"; };
		D2FEEAA21BD2BF4C00FADE89 /* Assets.xcassets */ = {isa = PBXFileReference; lastKnownFileType = folder.assetcatalog; path = Assets.xcassets; sourceTree = "<group>"; };
		D2FEEAA51BD2BF4C00FADE89 /* Base */ = {isa = PBXFileReference; lastKnownFileType = file.storyboard; name = Base; path = Base.lproj/LaunchScreen.storyboard; sourceTree = "<group>"; };
		D2FEEAA71BD2BF4C00FADE89 /* Info.plist */ = {isa = PBXFileReference; lastKnownFileType = text.plist.xml; path = Info.plist; sourceTree = "<group>"; };
		D2FEEAAC1BD2BF4C00FADE89 /* Meanwhile22Tests.xctest */ = {isa = PBXFileReference; explicitFileType = wrapper.cfbundle; includeInIndex = 0; path = Meanwhile22Tests.xctest; sourceTree = BUILT_PRODUCTS_DIR; };
		D2FEEAB01BD2BF4C00FADE89 /* Meanwhile22Tests.m */ = {isa = PBXFileReference; lastKnownFileType = sourcecode.c.objc; path = Meanwhile22Tests.m; sourceTree = "<group>"; };
		D2FEEAB21BD2BF4C00FADE89 /* Info.plist */ = {isa = PBXFileReference; lastKnownFileType = text.plist.xml; path = Info.plist; sourceTree = "<group>"; };
		D2FEEAB71BD2BF4C00FADE89 /* Meanwhile22UITests.xctest */ = {isa = PBXFileReference; explicitFileType = wrapper.cfbundle; includeInIndex = 0; path = Meanwhile22UITests.xctest; sourceTree = BUILT_PRODUCTS_DIR; };
		D2FEEABB1BD2BF4C00FADE89 /* Meanwhile22UITests.m */ = {isa = PBXFileReference; lastKnownFileType = sourcecode.c.objc; path = Meanwhile22UITests.m; sourceTree = "<group>"; };
		D2FEEABD1BD2BF4C00FADE89 /* Info.plist */ = {isa = PBXFileReference; lastKnownFileType = text.plist.xml; path = Info.plist; sourceTree = "<group>"; };
		D2FEEAC91BD2BF6500FADE89 /* Podcast.h */ = {isa = PBXFileReference; fileEncoding = 4; lastKnownFileType = sourcecode.c.h; path = Podcast.h; sourceTree = "<group>"; };
		D2FEEACA1BD2BF6500FADE89 /* Podcast.m */ = {isa = PBXFileReference; fileEncoding = 4; lastKnownFileType = sourcecode.c.objc; path = Podcast.m; sourceTree = "<group>"; };
		D2FEEACC1BD2C3AD00FADE89 /* PodcastParser.h */ = {isa = PBXFileReference; fileEncoding = 4; lastKnownFileType = sourcecode.c.h; path = PodcastParser.h; sourceTree = "<group>"; };
		D2FEEACD1BD2C3AD00FADE89 /* PodcastParser.m */ = {isa = PBXFileReference; fileEncoding = 4; lastKnownFileType = sourcecode.c.objc; path = PodcastParser.m; sourceTree = "<group>"; };
		D2FEEAD21BD361C200FADE89 /* twitter logo@2x.png */ = {isa = PBXFileReference; lastKnownFileType = image.png; path = "twitter logo@2x.png"; sourceTree = "<group>"; };
		D2FEEAD31BD361C200FADE89 /* facebook logo@2x.png */ = {isa = PBXFileReference; lastKnownFileType = image.png; path = "facebook logo@2x.png"; sourceTree = "<group>"; };
/* End PBXFileReference section */

/* Begin PBXFrameworksBuildPhase section */
		D2FEEA8D1BD2BF4C00FADE89 /* Frameworks */ = {
			isa = PBXFrameworksBuildPhase;
			buildActionMask = 2147483647;
			files = (
				D20C90EF1DA615740015E9E0 /* CoreFoundation.framework in Frameworks */,
				D2ADEDC81C026B660035CC3C /* AVFoundation.framework in Frameworks */,
				D25B8A4A1BF05F7500D77331 /* AVKit.framework in Frameworks */,
			);
			runOnlyForDeploymentPostprocessing = 0;
		};
		D2FEEAA91BD2BF4C00FADE89 /* Frameworks */ = {
			isa = PBXFrameworksBuildPhase;
			buildActionMask = 2147483647;
			files = (
			);
			runOnlyForDeploymentPostprocessing = 0;
		};
		D2FEEAB41BD2BF4C00FADE89 /* Frameworks */ = {
			isa = PBXFrameworksBuildPhase;
			buildActionMask = 2147483647;
			files = (
			);
			runOnlyForDeploymentPostprocessing = 0;
		};
/* End PBXFrameworksBuildPhase section */

/* Begin PBXGroup section */
		D20D47C41D69569000C58830 /* banner animation images */ = {
			isa = PBXGroup;
			children = (
				D20D47B91D68EBD300C58830 /* vortex spin banner.png */,
				D20D47BA1D68EBD300C58830 /* vortex spin banner@2x.png */,
				D20D47BB1D68EBD300C58830 /* vortex words banner.png */,
				D20D47BC1D68EBD300C58830 /* vortex words banner@2x.png */,
			);
			name = "banner animation images";
			sourceTree = "<group>";
		};
		D20D47C51D69570D00C58830 /* animation images */ = {
			isa = PBXGroup;
			children = (
				D20D47CD1D6A17E100C58830 /* page animation images */,
				D20D47C41D69569000C58830 /* banner animation images */,
			);
			name = "animation images";
			sourceTree = "<group>";
		};
		D20D47CD1D6A17E100C58830 /* page animation images */ = {
			isa = PBXGroup;
			children = (
				D20D47C91D6A17D700C58830 /* vortex spin page.png */,
				D20D47CA1D6A17D700C58830 /* vortex spin page@2x.png */,
			);
			name = "page animation images";
			sourceTree = "<group>";
		};
		D215BEE51C5AE1BA000DE3DA /* Controllers */ = {
			isa = PBXGroup;
			children = (
				D2FEEA991BD2BF4C00FADE89 /* ViewController.h */,
				D2FEEA9A1BD2BF4C00FADE89 /* ViewController.m */,
				D28855201BFBF65700151BE4 /* EpisodeListViewController.h */,
				D28855211BFBF65700151BE4 /* EpisodeListViewController.m */,
				D288552A1BFDA0C600151BE4 /* EpisodePlayerViewController.h */,
				D288552B1BFDA0C600151BE4 /* EpisodePlayerViewController.m */,
				D2BF3F621C0952DA00388747 /* QuizViewController.h */,
				D2BF3F631C0952DA00388747 /* QuizViewController.m */,
				D2BF3F651C097E9400388747 /* TimeVortexViewController.h */,
				D2BF3F661C097E9400388747 /* TimeVortexViewController.m */,
				D2BF3FAA1C0D073F00388747 /* TimeVortexGameViewController.h */,
				D2BF3FAB1C0D073F00388747 /* TimeVortexGameViewController.m */,
				D2BF3F681C097EA500388747 /* Deadly100ViewController.h */,
				D2BF3F691C097EA500388747 /* Deadly100ViewController.m */,
				D22621751C1DF7090065D4F5 /* Deadly100GameViewController.h */,
				D22621761C1DF7090065D4F5 /* Deadly100GameViewController.m */,
				D2AF71331C5134CF001E3AB1 /* HeroicHostsViewController.h */,
				D2AF71341C5134CF001E3AB1 /* HeroicHostsViewController.m */,
			);
			name = Controllers;
			sourceTree = "<group>";
		};
		D215BEE61C5AE1D0000DE3DA /* Questions */ = {
			isa = PBXGroup;
			children = (
				D2EA65811C50445600A27478 /* VortexComicQuestions.h */,
				D2EA65821C50445600A27478 /* VortexComicQuestions.m */,
				D2EA65841C5044CC00A27478 /* VortexMovieQuestions.h */,
				D2EA65851C5044CC00A27478 /* VortexMovieQuestions.m */,
				D2EA65871C50450900A27478 /* VortexTvQuestions.h */,
				D2EA65881C50450900A27478 /* VortexTvQuestions.m */,
				D2EA658A1C50453200A27478 /* VortexGameQuestions.h */,
				D2EA658B1C50453200A27478 /* VortexGameQuestions.m */,
				D2EA657E1C5039AD00A27478 /* DeadlyQuestions.h */,
				D2EA657F1C5039AD00A27478 /* DeadlyQuestions.m */,
			);
			name = Questions;
			sourceTree = "<group>";
		};
		D215BEE71C5AE207000DE3DA /* Podcast */ = {
			isa = PBXGroup;
			children = (
				D2FEEAC91BD2BF6500FADE89 /* Podcast.h */,
				D2FEEACA1BD2BF6500FADE89 /* Podcast.m */,
				D2FEEACC1BD2C3AD00FADE89 /* PodcastParser.h */,
				D2FEEACD1BD2C3AD00FADE89 /* PodcastParser.m */,
			);
			name = Podcast;
			sourceTree = "<group>";
		};
		D215BEE81C5AE274000DE3DA /* TableView Cells */ = {
			isa = PBXGroup;
			children = (
				D28855251BFCD6E900151BE4 /* EpisodeListTableViewCell.h */,
				D28855261BFCD6E900151BE4 /* EpisodeListTableViewCell.m */,
			);
			name = "TableView Cells";
			sourceTree = "<group>";
		};
		D25B8A481BF05F3800D77331 /* Frameworks */ = {
			isa = PBXGroup;
			children = (
				D20C90EE1DA615740015E9E0 /* CoreFoundation.framework */,
				D2ADEDC71C026B660035CC3C /* AVFoundation.framework */,
				D25B8A491BF05F7500D77331 /* AVKit.framework */,
			);
			name = Frameworks;
			path = Meanwhile22;
			sourceTree = "<group>";
		};
		D295C3031D68DCB300A6E647 /* Animations */ = {
			isa = PBXGroup;
			children = (
				D20D47C11D6955C900C58830 /* VortexBannerAnimationView.h */,
				D20D47C21D6955C900C58830 /* VortexBannerAnimationView.m */,
				D20D47C61D6A17BA00C58830 /* VortexPageAnimationView.h */,
				D20D47C71D6A17BA00C58830 /* VortexPageAnimationView.m */,
			);
			name = Animations;
			sourceTree = "<group>";
		};
		D2AF71361C513F4B001E3AB1 /* vortex game buttons */ = {
			isa = PBXGroup;
			children = (
				D2EA648E1C486B4E00A27478 /* comics button@2x.png */,
				D2EA64901C48754400A27478 /* games button@2x.png */,
				D2EA64921C487BB300A27478 /* movies button@2x.png */,
				D2EA64941C4883D200A27478 /* tv button@2x.png */,
			);
			name = "vortex game buttons";
			sourceTree = "<group>";
		};
		D2AF71431C514F68001E3AB1 /* other images */ = {
			isa = PBXGroup;
			children = (
				D2D0BAF51C3B39EE0022A01B /* M22 Logo 2016@2x.png */,
				D22CC23A1C6DBD6E004544CE /* big rocket@2x.png */,
				D2D0DF1B1C809ED600E0DF6C /* blue rocket@2x.png */,
				D2AF71391C514BAE001E3AB1 /* coming soon.png */,
				D2EA653A1C4EC3AB00A27478 /* deadly start@2x.png */,
				D2EA64D31C4C90AD00A27478 /* science nerd@2x.png */,
				D26175971C33468300E772E3 /* shield small.png */,
				D26175A51C336A0200E772E3 /* warrior large.png */,
			);
			name = "other images";
			sourceTree = "<group>";
		};
		D2D0BAF21C3B38680022A01B /* buttons */ = {
			isa = PBXGroup;
			children = (
				D20C0B1A1C2A315C00F6C5D1 /* deadly 100 button@2x.png */,
				D2FEEAD31BD361C200FADE89 /* facebook logo@2x.png */,
				D2AF71311C50C58A001E3AB1 /* heroic hosts button@2x.png */,
				D2D0BAF91C3B44F40022A01B /* pause button@2x.png */,
				D2D0BAE41C3AF4BB0022A01B /* play button@2x.png */,
				D2568DE11C28DF9800DA237F /* quiz smasher button@2x.png */,
				D2D0BADD1C3AEA060022A01B /* stop button@2X.png */,
				D2D0BAEE1C3B35620022A01B /* time back button@2x.png */,
				D2D0BAEF1C3B35620022A01B /* time forward button@2x.png */,
				D2BAD0841C23DBE700668E13 /* time vortex@2x.png */,
				D2FEEAD21BD361C200FADE89 /* twitter logo@2x.png */,
				D28855181BFBD1F500151BE4 /* vault of episodes@2x.png */,
				D2AF71361C513F4B001E3AB1 /* vortex game buttons */,
			);
			name = buttons;
			sourceTree = "<group>";
		};
		D2D0BAF31C3B388F0022A01B /* banners */ = {
			isa = PBXGroup;
			children = (
				D20C0B1C1C2A385400F6C5D1 /* deadly 100 banner@2x.png */,
				D2AF71461C5150C5001E3AB1 /* heroic banner@2x.png */,
				D2BAD0861C23DFE500668E13 /* quiz smasher banner@2x.png */,
				D2EA64771C48576600A27478 /* robot banner@2x.png */,
				D2D0BAF71C3B3CE00022A01B /* vault banner@2x.png */,
				D2EA64891C485F0C00A27478 /* wave pattens */,
			);
			name = banners;
			sourceTree = "<group>";
		};
		D2D0BAF41C3B38A50022A01B /* backgrounds */ = {
			isa = PBXGroup;
			children = (
				D2EA64601C42F9D700A27478 /* battle lost@2x.png */,
				D26175931C33382500E772E3 /* deadly background.png */,
				D2EA64641C4385E200A27478 /* game won@2x.png */,
				D215BEE01C5AD23A000DE3DA /* paper A lite@2x.png */,
				D215BEDF1C5AD23A000DE3DA /* paper B lite@2x.png */,
				D215BEE11C5AD23A000DE3DA /* paper C lite@2x.png */,
				D2EA65361C4D65CE00A27478 /* vortex background@2x.png */,
				D2EA65381C4D6E3400A27478 /* vortex gray background@2x.png */,
				D2EA641B1C40E4A600A27478 /* weapons one@2x.png */,
			);
			name = backgrounds;
			sourceTree = "<group>";
		};
		D2EA646A1C4390F000A27478 /* sounds */ = {
			isa = PBXGroup;
			children = (
				D2EA64661C438A9800A27478 /* crowd cheering.mp3 */,
				D26175991C3355E300E772E3 /* gun shot.mp3 */,
				D2EA64681C438C4900A27478 /* male pain scream.mp3 */,
				D2EA64621C4319AF00A27478 /* sword swipe.mp3 */,
			);
			name = sounds;
			sourceTree = "<group>";
		};
		D2EA64891C485F0C00A27478 /* wave pattens */ = {
			isa = PBXGroup;
			children = (
				D2EA647C1C48577100A27478 /* wave 1@2x.png */,
				D2EA647B1C48577100A27478 /* wave 2@2x.png */,
				D2EA647A1C48577100A27478 /* wave 3@2x.png */,
				D2EA64791C48577100A27478 /* wave 4@2x.png */,
				D2EA64841C48578000A27478 /* wave 5@2x.png */,
				D2EA64831C48578000A27478 /* wave 6@2x.png */,
				D2EA64821C48578000A27478 /* wave 7@2x.png */,
				D2EA64811C48578000A27478 /* wave 8@2x.png */,
			);
			name = "wave pattens";
			sourceTree = "<group>";
		};
		D2FEEA871BD2BF4C00FADE89 = {
			isa = PBXGroup;
			children = (
				D2FEEA921BD2BF4C00FADE89 /* Meanwhile22 */,
				D25B8A481BF05F3800D77331 /* Frameworks */,
				D2FEEAAF1BD2BF4C00FADE89 /* Meanwhile22Tests */,
				D2FEEABA1BD2BF4C00FADE89 /* Meanwhile22UITests */,
				D2FEEA911BD2BF4C00FADE89 /* Products */,
			);
			sourceTree = "<group>";
		};
		D2FEEA911BD2BF4C00FADE89 /* Products */ = {
			isa = PBXGroup;
			children = (
				D2FEEA901BD2BF4C00FADE89 /* Meanwhile22.app */,
				D2FEEAAC1BD2BF4C00FADE89 /* Meanwhile22Tests.xctest */,
				D2FEEAB71BD2BF4C00FADE89 /* Meanwhile22UITests.xctest */,
			);
			name = Products;
			sourceTree = "<group>";
		};
		D2FEEA921BD2BF4C00FADE89 /* Meanwhile22 */ = {
			isa = PBXGroup;
			children = (
				D2FEEA961BD2BF4C00FADE89 /* AppDelegate.h */,
				D2FEEA971BD2BF4C00FADE89 /* AppDelegate.m */,
				D20D47CE1D6A1EA200C58830 /* MethodsCache.h */,
				D20D47CF1D6A1EA200C58830 /* MethodsCache.m */,
				D215BEE71C5AE207000DE3DA /* Podcast */,
				D295C3031D68DCB300A6E647 /* Animations */,
				D215BEE81C5AE274000DE3DA /* TableView Cells */,
				D215BEE61C5AE1D0000DE3DA /* Questions */,
				D215BEE51C5AE1BA000DE3DA /* Controllers */,
				D2FEEA9C1BD2BF4C00FADE89 /* Main.storyboard */,
				D2FEEAA21BD2BF4C00FADE89 /* Assets.xcassets */,
				D2FEEAD11BD359DB00FADE89 /* Assets */,
				D2FEEAA41BD2BF4C00FADE89 /* LaunchScreen.storyboard */,
				D2FEEAA71BD2BF4C00FADE89 /* Info.plist */,
				D2FEEA9F1BD2BF4C00FADE89 /* Meanwhile22.xcdatamodeld */,
				D2FEEA931BD2BF4C00FADE89 /* Supporting Files */,
			);
			path = Meanwhile22;
			sourceTree = "<group>";
		};
		D2FEEA931BD2BF4C00FADE89 /* Supporting Files */ = {
			isa = PBXGroup;
			children = (
				D2FEEA941BD2BF4C00FADE89 /* main.m */,
			);
			name = "Supporting Files";
			sourceTree = "<group>";
		};
		D2FEEAAF1BD2BF4C00FADE89 /* Meanwhile22Tests */ = {
			isa = PBXGroup;
			children = (
				D2FEEAB01BD2BF4C00FADE89 /* Meanwhile22Tests.m */,
				D2FEEAB21BD2BF4C00FADE89 /* Info.plist */,
			);
			path = Meanwhile22Tests;
			sourceTree = "<group>";
		};
		D2FEEABA1BD2BF4C00FADE89 /* Meanwhile22UITests */ = {
			isa = PBXGroup;
			children = (
				D2FEEABB1BD2BF4C00FADE89 /* Meanwhile22UITests.m */,
				D2FEEABD1BD2BF4C00FADE89 /* Info.plist */,
			);
			path = Meanwhile22UITests;
			sourceTree = "<group>";
		};
		D2FEEAD11BD359DB00FADE89 /* Assets */ = {
			isa = PBXGroup;
			children = (
				D20D47C51D69570D00C58830 /* animation images */,
				D2D0BAF41C3B38A50022A01B /* backgrounds */,
				D2D0BAF31C3B388F0022A01B /* banners */,
				D2D0BAF21C3B38680022A01B /* buttons */,
				D2AF71431C514F68001E3AB1 /* other images */,
				D2EA646A1C4390F000A27478 /* sounds */,
			);
			name = Assets;
			sourceTree = "<group>";
		};
/* End PBXGroup section */

/* Begin PBXNativeTarget section */
		D2FEEA8F1BD2BF4C00FADE89 /* Meanwhile22 */ = {
			isa = PBXNativeTarget;
			buildConfigurationList = D2FEEAC01BD2BF4C00FADE89 /* Build configuration list for PBXNativeTarget "Meanwhile22" */;
			buildPhases = (
				D2FEEA8C1BD2BF4C00FADE89 /* Sources */,
				D2FEEA8D1BD2BF4C00FADE89 /* Frameworks */,
				D2FEEA8E1BD2BF4C00FADE89 /* Resources */,
			);
			buildRules = (
			);
			dependencies = (
			);
			name = Meanwhile22;
			productName = Meanwhile22;
			productReference = D2FEEA901BD2BF4C00FADE89 /* Meanwhile22.app */;
			productType = "com.apple.product-type.application";
		};
		D2FEEAAB1BD2BF4C00FADE89 /* Meanwhile22Tests */ = {
			isa = PBXNativeTarget;
			buildConfigurationList = D2FEEAC31BD2BF4C00FADE89 /* Build configuration list for PBXNativeTarget "Meanwhile22Tests" */;
			buildPhases = (
				D2FEEAA81BD2BF4C00FADE89 /* Sources */,
				D2FEEAA91BD2BF4C00FADE89 /* Frameworks */,
				D2FEEAAA1BD2BF4C00FADE89 /* Resources */,
			);
			buildRules = (
			);
			dependencies = (
				D2FEEAAE1BD2BF4C00FADE89 /* PBXTargetDependency */,
			);
			name = Meanwhile22Tests;
			productName = Meanwhile22Tests;
			productReference = D2FEEAAC1BD2BF4C00FADE89 /* Meanwhile22Tests.xctest */;
			productType = "com.apple.product-type.bundle.unit-test";
		};
		D2FEEAB61BD2BF4C00FADE89 /* Meanwhile22UITests */ = {
			isa = PBXNativeTarget;
			buildConfigurationList = D2FEEAC61BD2BF4C00FADE89 /* Build configuration list for PBXNativeTarget "Meanwhile22UITests" */;
			buildPhases = (
				D2FEEAB31BD2BF4C00FADE89 /* Sources */,
				D2FEEAB41BD2BF4C00FADE89 /* Frameworks */,
				D2FEEAB51BD2BF4C00FADE89 /* Resources */,
			);
			buildRules = (
			);
			dependencies = (
				D2FEEAB91BD2BF4C00FADE89 /* PBXTargetDependency */,
			);
			name = Meanwhile22UITests;
			productName = Meanwhile22UITests;
			productReference = D2FEEAB71BD2BF4C00FADE89 /* Meanwhile22UITests.xctest */;
			productType = "com.apple.product-type.bundle.ui-testing";
		};
/* End PBXNativeTarget section */

/* Begin PBXProject section */
		D2FEEA881BD2BF4C00FADE89 /* Project object */ = {
			isa = PBXProject;
			attributes = {
				LastUpgradeCheck = 0700;
				ORGANIZATIONNAME = "Here We Go";
				TargetAttributes = {
					D2FEEA8F1BD2BF4C00FADE89 = {
						CreatedOnToolsVersion = 7.0.1;
						DevelopmentTeam = 8S82WEEMHM;
					};
					D2FEEAAB1BD2BF4C00FADE89 = {
						CreatedOnToolsVersion = 7.0.1;
						TestTargetID = D2FEEA8F1BD2BF4C00FADE89;
					};
					D2FEEAB61BD2BF4C00FADE89 = {
						CreatedOnToolsVersion = 7.0.1;
						TestTargetID = D2FEEA8F1BD2BF4C00FADE89;
					};
				};
			};
			buildConfigurationList = D2FEEA8B1BD2BF4C00FADE89 /* Build configuration list for PBXProject "Meanwhile22" */;
			compatibilityVersion = "Xcode 3.2";
			developmentRegion = English;
			hasScannedForEncodings = 0;
			knownRegions = (
				en,
				Base,
			);
			mainGroup = D2FEEA871BD2BF4C00FADE89;
			productRefGroup = D2FEEA911BD2BF4C00FADE89 /* Products */;
			projectDirPath = "";
			projectRoot = "";
			targets = (
				D2FEEA8F1BD2BF4C00FADE89 /* Meanwhile22 */,
				D2FEEAAB1BD2BF4C00FADE89 /* Meanwhile22Tests */,
				D2FEEAB61BD2BF4C00FADE89 /* Meanwhile22UITests */,
			);
		};
/* End PBXProject section */

/* Begin PBXResourcesBuildPhase section */
		D2FEEA8E1BD2BF4C00FADE89 /* Resources */ = {
			isa = PBXResourcesBuildPhase;
			buildActionMask = 2147483647;
			files = (
				D2FEEAD41BD361C200FADE89 /* twitter logo@2x.png in Resources */,
				D2EA64881C48578000A27478 /* wave 5@2x.png in Resources */,
				D2D0BADF1C3AEA060022A01B /* stop button@2X.png in Resources */,
				D2EA64911C48754400A27478 /* games button@2x.png in Resources */,
				D2D0BAE51C3AF4BB0022A01B /* play button@2x.png in Resources */,
				D20D47BF1D68EBD300C58830 /* vortex words banner.png in Resources */,
				D2FEEAA61BD2BF4C00FADE89 /* LaunchScreen.storyboard in Resources */,
				D2EA64D41C4C90AD00A27478 /* science nerd@2x.png in Resources */,
				D261759A1C3355E300E772E3 /* gun shot.mp3 in Resources */,
				D2D0BAF81C3B3CE00022A01B /* vault banner@2x.png in Resources */,
				D26175941C33382500E772E3 /* deadly background.png in Resources */,
				D2EA64801C48577100A27478 /* wave 1@2x.png in Resources */,
				D2EA64781C48576600A27478 /* robot banner@2x.png in Resources */,
				D2BAD0851C23DBE700668E13 /* time vortex@2x.png in Resources */,
				D20D47BE1D68EBD300C58830 /* vortex spin banner@2x.png in Resources */,
				D2EA64871C48578000A27478 /* wave 6@2x.png in Resources */,
				D26175A61C336A0200E772E3 /* warrior large.png in Resources */,
				D2EA64861C48578000A27478 /* wave 7@2x.png in Resources */,
				D2D0DF1C1C809ED600E0DF6C /* blue rocket@2x.png in Resources */,
				D2EA648F1C486B4E00A27478 /* comics button@2x.png in Resources */,
				D2EA65391C4D6E3400A27478 /* vortex gray background@2x.png in Resources */,
				D2EA64951C4883D200A27478 /* tv button@2x.png in Resources */,
				D2FEEAA31BD2BF4C00FADE89 /* Assets.xcassets in Resources */,
				D2BAD0871C23DFE500668E13 /* quiz smasher banner@2x.png in Resources */,
				D2EA653B1C4EC3AB00A27478 /* deadly start@2x.png in Resources */,
				D2EA64671C438A9800A27478 /* crowd cheering.mp3 in Resources */,
				D2D0BAF61C3B39EE0022A01B /* M22 Logo 2016@2x.png in Resources */,
				D2AF713A1C514BAE001E3AB1 /* coming soon.png in Resources */,
				D2AF71321C50C58A001E3AB1 /* heroic hosts button@2x.png in Resources */,
				D2EA647D1C48577100A27478 /* wave 4@2x.png in Resources */,
				D2EA64851C48578000A27478 /* wave 8@2x.png in Resources */,
				D20C0B1D1C2A385400F6C5D1 /* deadly 100 banner@2x.png in Resources */,
				D2D0BAF11C3B35620022A01B /* time forward button@2x.png in Resources */,
				D22CC23B1C6DBD6E004544CE /* big rocket@2x.png in Resources */,
				D215BEE21C5AD23A000DE3DA /* paper B lite@2x.png in Resources */,
				D2EA64611C42F9D700A27478 /* battle lost@2x.png in Resources */,
				D20C0B1B1C2A315C00F6C5D1 /* deadly 100 button@2x.png in Resources */,
				D2FEEAD51BD361C200FADE89 /* facebook logo@2x.png in Resources */,
				D2EA647E1C48577100A27478 /* wave 3@2x.png in Resources */,
				D2D0BAF01C3B35620022A01B /* time back button@2x.png in Resources */,
				D20D47CB1D6A17D700C58830 /* vortex spin page.png in Resources */,
				D2EA64651C4385E200A27478 /* game won@2x.png in Resources */,
				D2EA64931C487BB300A27478 /* movies button@2x.png in Resources */,
				D215BEE31C5AD23A000DE3DA /* paper A lite@2x.png in Resources */,
				D2568DE21C28DF9800DA237F /* quiz smasher button@2x.png in Resources */,
				D2EA641C1C40E4A600A27478 /* weapons one@2x.png in Resources */,
				D2AF71471C5150C5001E3AB1 /* heroic banner@2x.png in Resources */,
				D2EA647F1C48577100A27478 /* wave 2@2x.png in Resources */,
				D20D47BD1D68EBD300C58830 /* vortex spin banner.png in Resources */,
				D215BEE41C5AD23A000DE3DA /* paper C lite@2x.png in Resources */,
				D2FEEA9E1BD2BF4C00FADE89 /* Main.storyboard in Resources */,
				D20D47CC1D6A17D700C58830 /* vortex spin page@2x.png in Resources */,
				D20D47C01D68EBD300C58830 /* vortex words banner@2x.png in Resources */,
				D28855191BFBD1F500151BE4 /* vault of episodes@2x.png in Resources */,
				D2EA65371C4D65CE00A27478 /* vortex background@2x.png in Resources */,
				D2D0BAFA1C3B44F40022A01B /* pause button@2x.png in Resources */,
				D2EA64631C4319AF00A27478 /* sword swipe.mp3 in Resources */,
				D26175981C33468300E772E3 /* shield small.png in Resources */,
				D2EA64691C438C4900A27478 /* male pain scream.mp3 in Resources */,
			);
			runOnlyForDeploymentPostprocessing = 0;
		};
		D2FEEAAA1BD2BF4C00FADE89 /* Resources */ = {
			isa = PBXResourcesBuildPhase;
			buildActionMask = 2147483647;
			files = (
			);
			runOnlyForDeploymentPostprocessing = 0;
		};
		D2FEEAB51BD2BF4C00FADE89 /* Resources */ = {
			isa = PBXResourcesBuildPhase;
			buildActionMask = 2147483647;
			files = (
			);
			runOnlyForDeploymentPostprocessing = 0;
		};
/* End PBXResourcesBuildPhase section */

/* Begin PBXSourcesBuildPhase section */
		D2FEEA8C1BD2BF4C00FADE89 /* Sources */ = {
			isa = PBXSourcesBuildPhase;
			buildActionMask = 2147483647;
			files = (
				D2FEEACB1BD2BF6500FADE89 /* Podcast.m in Sources */,
				D2BF3FAC1C0D073F00388747 /* TimeVortexGameViewController.m in Sources */,
				D2EA65861C5044CC00A27478 /* VortexMovieQuestions.m in Sources */,
				D2BF3F6A1C097EA500388747 /* Deadly100ViewController.m in Sources */,
				D22621771C1DF7090065D4F5 /* Deadly100GameViewController.m in Sources */,
				D2EA658C1C50453200A27478 /* VortexGameQuestions.m in Sources */,
				D2AF71351C5134CF001E3AB1 /* HeroicHostsViewController.m in Sources */,
				D20D47D01D6A1EA200C58830 /* MethodsCache.m in Sources */,
				D2FEEACE1BD2C3AD00FADE89 /* PodcastParser.m in Sources */,
				D20D47C81D6A17BA00C58830 /* VortexPageAnimationView.m in Sources */,
				D2FEEA9B1BD2BF4C00FADE89 /* ViewController.m in Sources */,
				D28855221BFBF65700151BE4 /* EpisodeListViewController.m in Sources */,
				D2FEEA981BD2BF4C00FADE89 /* AppDelegate.m in Sources */,
				D28855271BFCD6E900151BE4 /* EpisodeListTableViewCell.m in Sources */,
				D2EA65891C50450900A27478 /* VortexTvQuestions.m in Sources */,
				D2BF3F641C0952DA00388747 /* QuizViewController.m in Sources */,
				D2EA65831C50445600A27478 /* VortexComicQuestions.m in Sources */,
				D20D47C31D6955C900C58830 /* VortexBannerAnimationView.m in Sources */,
				D2EA65801C5039AD00A27478 /* DeadlyQuestions.m in Sources */,
				D2BF3F671C097E9400388747 /* TimeVortexViewController.m in Sources */,
				D2FEEAA11BD2BF4C00FADE89 /* Meanwhile22.xcdatamodeld in Sources */,
				D2FEEA951BD2BF4C00FADE89 /* main.m in Sources */,
				D288552C1BFDA0C600151BE4 /* EpisodePlayerViewController.m in Sources */,
			);
			runOnlyForDeploymentPostprocessing = 0;
		};
		D2FEEAA81BD2BF4C00FADE89 /* Sources */ = {
			isa = PBXSourcesBuildPhase;
			buildActionMask = 2147483647;
			files = (
				D2FEEAB11BD2BF4C00FADE89 /* Meanwhile22Tests.m in Sources */,
			);
			runOnlyForDeploymentPostprocessing = 0;
		};
		D2FEEAB31BD2BF4C00FADE89 /* Sources */ = {
			isa = PBXSourcesBuildPhase;
			buildActionMask = 2147483647;
			files = (
				D2FEEABC1BD2BF4C00FADE89 /* Meanwhile22UITests.m in Sources */,
			);
			runOnlyForDeploymentPostprocessing = 0;
		};
/* End PBXSourcesBuildPhase section */

/* Begin PBXTargetDependency section */
		D2FEEAAE1BD2BF4C00FADE89 /* PBXTargetDependency */ = {
			isa = PBXTargetDependency;
			target = D2FEEA8F1BD2BF4C00FADE89 /* Meanwhile22 */;
			targetProxy = D2FEEAAD1BD2BF4C00FADE89 /* PBXContainerItemProxy */;
		};
		D2FEEAB91BD2BF4C00FADE89 /* PBXTargetDependency */ = {
			isa = PBXTargetDependency;
			target = D2FEEA8F1BD2BF4C00FADE89 /* Meanwhile22 */;
			targetProxy = D2FEEAB81BD2BF4C00FADE89 /* PBXContainerItemProxy */;
		};
/* End PBXTargetDependency section */

/* Begin PBXVariantGroup section */
		D2FEEA9C1BD2BF4C00FADE89 /* Main.storyboard */ = {
			isa = PBXVariantGroup;
			children = (
				D2FEEA9D1BD2BF4C00FADE89 /* Base */,
			);
			name = Main.storyboard;
			sourceTree = "<group>";
		};
		D2FEEAA41BD2BF4C00FADE89 /* LaunchScreen.storyboard */ = {
			isa = PBXVariantGroup;
			children = (
				D2FEEAA51BD2BF4C00FADE89 /* Base */,
			);
			name = LaunchScreen.storyboard;
			sourceTree = "<group>";
		};
/* End PBXVariantGroup section */

/* Begin XCBuildConfiguration section */
		D2FEEABE1BD2BF4C00FADE89 /* Debug */ = {
			isa = XCBuildConfiguration;
			buildSettings = {
				ALWAYS_SEARCH_USER_PATHS = NO;
				CLANG_CXX_LANGUAGE_STANDARD = "gnu++0x";
				CLANG_CXX_LIBRARY = "libc++";
				CLANG_ENABLE_MODULES = YES;
				CLANG_ENABLE_OBJC_ARC = YES;
				CLANG_WARN_BOOL_CONVERSION = YES;
				CLANG_WARN_CONSTANT_CONVERSION = YES;
				CLANG_WARN_DIRECT_OBJC_ISA_USAGE = YES_ERROR;
				CLANG_WARN_EMPTY_BODY = YES;
				CLANG_WARN_ENUM_CONVERSION = YES;
				CLANG_WARN_INT_CONVERSION = YES;
				CLANG_WARN_OBJC_ROOT_CLASS = YES_ERROR;
				CLANG_WARN_UNREACHABLE_CODE = YES;
				CLANG_WARN__DUPLICATE_METHOD_MATCH = YES;
				CODE_SIGN_IDENTITY = "";
				"CODE_SIGN_IDENTITY[sdk=iphoneos*]" = "iPhone Developer";
				COPY_PHASE_STRIP = NO;
				DEBUG_INFORMATION_FORMAT = dwarf;
				ENABLE_STRICT_OBJC_MSGSEND = YES;
				ENABLE_TESTABILITY = YES;
				GCC_C_LANGUAGE_STANDARD = gnu99;
				GCC_DYNAMIC_NO_PIC = NO;
				GCC_NO_COMMON_BLOCKS = YES;
				GCC_OPTIMIZATION_LEVEL = 0;
				GCC_PREPROCESSOR_DEFINITIONS = (
					"DEBUG=1",
					"$(inherited)",
				);
				GCC_WARN_64_TO_32_BIT_CONVERSION = YES;
				GCC_WARN_ABOUT_RETURN_TYPE = YES_ERROR;
				GCC_WARN_UNDECLARED_SELECTOR = YES;
				GCC_WARN_UNINITIALIZED_AUTOS = YES_AGGRESSIVE;
				GCC_WARN_UNUSED_FUNCTION = YES;
				GCC_WARN_UNUSED_VARIABLE = YES;
				IPHONEOS_DEPLOYMENT_TARGET = 9.0;
				MTL_ENABLE_DEBUG_INFO = YES;
				ONLY_ACTIVE_ARCH = YES;
				SDKROOT = iphoneos;
			};
			name = Debug;
		};
		D2FEEABF1BD2BF4C00FADE89 /* Release */ = {
			isa = XCBuildConfiguration;
			buildSettings = {
				ALWAYS_SEARCH_USER_PATHS = NO;
				CLANG_CXX_LANGUAGE_STANDARD = "gnu++0x";
				CLANG_CXX_LIBRARY = "libc++";
				CLANG_ENABLE_MODULES = YES;
				CLANG_ENABLE_OBJC_ARC = YES;
				CLANG_WARN_BOOL_CONVERSION = YES;
				CLANG_WARN_CONSTANT_CONVERSION = YES;
				CLANG_WARN_DIRECT_OBJC_ISA_USAGE = YES_ERROR;
				CLANG_WARN_EMPTY_BODY = YES;
				CLANG_WARN_ENUM_CONVERSION = YES;
				CLANG_WARN_INT_CONVERSION = YES;
				CLANG_WARN_OBJC_ROOT_CLASS = YES_ERROR;
				CLANG_WARN_UNREACHABLE_CODE = YES;
				CLANG_WARN__DUPLICATE_METHOD_MATCH = YES;
				CODE_SIGN_IDENTITY = "";
				"CODE_SIGN_IDENTITY[sdk=iphoneos*]" = "iPhone Developer";
				COPY_PHASE_STRIP = NO;
				DEBUG_INFORMATION_FORMAT = "dwarf-with-dsym";
				ENABLE_NS_ASSERTIONS = NO;
				ENABLE_STRICT_OBJC_MSGSEND = YES;
				GCC_C_LANGUAGE_STANDARD = gnu99;
				GCC_NO_COMMON_BLOCKS = YES;
				GCC_WARN_64_TO_32_BIT_CONVERSION = YES;
				GCC_WARN_ABOUT_RETURN_TYPE = YES_ERROR;
				GCC_WARN_UNDECLARED_SELECTOR = YES;
				GCC_WARN_UNINITIALIZED_AUTOS = YES_AGGRESSIVE;
				GCC_WARN_UNUSED_FUNCTION = YES;
				GCC_WARN_UNUSED_VARIABLE = YES;
				IPHONEOS_DEPLOYMENT_TARGET = 9.0;
				MTL_ENABLE_DEBUG_INFO = NO;
				SDKROOT = iphoneos;
				VALIDATE_PRODUCT = YES;
			};
			name = Release;
		};
		D2FEEAC11BD2BF4C00FADE89 /* Debug */ = {
			isa = XCBuildConfiguration;
			buildSettings = {
				ASSETCATALOG_COMPILER_APPICON_NAME = AppIcon;
				DEVELOPMENT_TEAM = 8S82WEEMHM;
				INFOPLIST_FILE = Meanwhile22/Info.plist;
				LD_RUNPATH_SEARCH_PATHS = "$(inherited) @executable_path/Frameworks";
				PRODUCT_BUNDLE_IDENTIFIER = com.self.edu.Meanwhile22;
				PRODUCT_NAME = "$(TARGET_NAME)";
				PROVISIONING_PROFILE = "";
				TARGETED_DEVICE_FAMILY = "1,2";
			};
			name = Debug;
		};
		D2FEEAC21BD2BF4C00FADE89 /* Release */ = {
			isa = XCBuildConfiguration;
			buildSettings = {
				ASSETCATALOG_COMPILER_APPICON_NAME = AppIcon;
				DEVELOPMENT_TEAM = 8S82WEEMHM;
				INFOPLIST_FILE = Meanwhile22/Info.plist;
				LD_RUNPATH_SEARCH_PATHS = "$(inherited) @executable_path/Frameworks";
				PRODUCT_BUNDLE_IDENTIFIER = com.self.edu.Meanwhile22;
				PRODUCT_NAME = "$(TARGET_NAME)";
				PROVISIONING_PROFILE = "";
				TARGETED_DEVICE_FAMILY = "1,2";
			};
			name = Release;
		};
		D2FEEAC41BD2BF4C00FADE89 /* Debug */ = {
			isa = XCBuildConfiguration;
			buildSettings = {
				BUNDLE_LOADER = "$(TEST_HOST)";
				INFOPLIST_FILE = Meanwhile22Tests/Info.plist;
				LD_RUNPATH_SEARCH_PATHS = "$(inherited) @executable_path/Frameworks @loader_path/Frameworks";
				PRODUCT_BUNDLE_IDENTIFIER = com.self.edu.Meanwhile22Tests;
				PRODUCT_NAME = "$(TARGET_NAME)";
				TEST_HOST = "$(BUILT_PRODUCTS_DIR)/Meanwhile22.app/Meanwhile22";
			};
			name = Debug;
		};
		D2FEEAC51BD2BF4C00FADE89 /* Release */ = {
			isa = XCBuildConfiguration;
			buildSettings = {
				BUNDLE_LOADER = "$(TEST_HOST)";
				INFOPLIST_FILE = Meanwhile22Tests/Info.plist;
				LD_RUNPATH_SEARCH_PATHS = "$(inherited) @executable_path/Frameworks @loader_path/Frameworks";
				PRODUCT_BUNDLE_IDENTIFIER = com.self.edu.Meanwhile22Tests;
				PRODUCT_NAME = "$(TARGET_NAME)";
				TEST_HOST = "$(BUILT_PRODUCTS_DIR)/Meanwhile22.app/Meanwhile22";
			};
			name = Release;
		};
		D2FEEAC71BD2BF4C00FADE89 /* Debug */ = {
			isa = XCBuildConfiguration;
			buildSettings = {
				INFOPLIST_FILE = Meanwhile22UITests/Info.plist;
				LD_RUNPATH_SEARCH_PATHS = "$(inherited) @executable_path/Frameworks @loader_path/Frameworks";
				PRODUCT_BUNDLE_IDENTIFIER = com.self.edu.Meanwhile22UITests;
				PRODUCT_NAME = "$(TARGET_NAME)";
				TEST_TARGET_NAME = Meanwhile22;
				USES_XCTRUNNER = YES;
			};
			name = Debug;
		};
		D2FEEAC81BD2BF4C00FADE89 /* Release */ = {
			isa = XCBuildConfiguration;
			buildSettings = {
				INFOPLIST_FILE = Meanwhile22UITests/Info.plist;
				LD_RUNPATH_SEARCH_PATHS = "$(inherited) @executable_path/Frameworks @loader_path/Frameworks";
				PRODUCT_BUNDLE_IDENTIFIER = com.self.edu.Meanwhile22UITests;
				PRODUCT_NAME = "$(TARGET_NAME)";
				TEST_TARGET_NAME = Meanwhile22;
				USES_XCTRUNNER = YES;
			};
			name = Release;
		};
/* End XCBuildConfiguration section */

/* Begin XCConfigurationList section */
		D2FEEA8B1BD2BF4C00FADE89 /* Build configuration list for PBXProject "Meanwhile22" */ = {
			isa = XCConfigurationList;
			buildConfigurations = (
				D2FEEABE1BD2BF4C00FADE89 /* Debug */,
				D2FEEABF1BD2BF4C00FADE89 /* Release */,
			);
			defaultConfigurationIsVisible = 0;
			defaultConfigurationName = Release;
		};
		D2FEEAC01BD2BF4C00FADE89 /* Build configuration list for PBXNativeTarget "Meanwhile22" */ = {
			isa = XCConfigurationList;
			buildConfigurations = (
				D2FEEAC11BD2BF4C00FADE89 /* Debug */,
				D2FEEAC21BD2BF4C00FADE89 /* Release */,
			);
			defaultConfigurationIsVisible = 0;
			defaultConfigurationName = Release;
		};
		D2FEEAC31BD2BF4C00FADE89 /* Build configuration list for PBXNativeTarget "Meanwhile22Tests" */ = {
			isa = XCConfigurationList;
			buildConfigurations = (
				D2FEEAC41BD2BF4C00FADE89 /* Debug */,
				D2FEEAC51BD2BF4C00FADE89 /* Release */,
			);
			defaultConfigurationIsVisible = 0;
			defaultConfigurationName = Release;
		};
		D2FEEAC61BD2BF4C00FADE89 /* Build configuration list for PBXNativeTarget "Meanwhile22UITests" */ = {
			isa = XCConfigurationList;
			buildConfigurations = (
				D2FEEAC71BD2BF4C00FADE89 /* Debug */,
				D2FEEAC81BD2BF4C00FADE89 /* Release */,
			);
			defaultConfigurationIsVisible = 0;
			defaultConfigurationName = Release;
		};
/* End XCConfigurationList section */

/* Begin XCVersionGroup section */
		D2FEEA9F1BD2BF4C00FADE89 /* Meanwhile22.xcdatamodeld */ = {
			isa = XCVersionGroup;
			children = (
				D2FEEAA01BD2BF4C00FADE89 /* Meanwhile22.xcdatamodel */,
			);
			currentVersion = D2FEEAA01BD2BF4C00FADE89 /* Meanwhile22.xcdatamodel */;
			path = Meanwhile22.xcdatamodeld;
			sourceTree = "<group>";
			versionGroupType = wrapper.xcdatamodel;
		};
/* End XCVersionGroup section */
	};
	rootObject = D2FEEA881BD2BF4C00FADE89 /* Project object */;
}
